
Microsoft Visual Studio Solution File, Format Version 12.00
Project("{2150E333-8FDC-42A3-9474-1A3956D46DE8}") = "src", "src", "{827E0CD3-B72D-47B6-A68D-7590B98EB39B}"
EndProject
Project("{FAE04EC0-301F-11D3-BF4B-00C04F79EFBC}") = "Heimdall.Core", "src\Heimdall.Core\Heimdall.Core.csproj", "{1395CA03-F54E-4906-BCDF-E4A5E334508B}"
EndProject
Project("{FAE04EC0-301F-11D3-BF4B-00C04F79EFBC}") = "Heimdall.Infrastructure", "src\Heimdall.Infrastructure\Heimdall.Infrastructure.csproj", "{B851DA13-9CAA-471C-A5EC-12B4200C1A1F}"
EndProject
Project("{FAE04EC0-301F-11D3-BF4B-00C04F79EFBC}") = "Heimdall.Ecosystems.NuGet", "src\Heimdall.Ecosystems.NuGet\Heimdall.Ecosystems.NuGet.csproj", "{C730FDF9-ADB3-450E-98BA-745DE90F03ED}"
EndProject
Project("{FAE04EC0-301F-11D3-BF4B-00C04F79EFBC}") = "Heimdall.Api", "src\Heimdall.Api\Heimdall.Api.csproj", "{33A68EC1-F5B8-4853-BA20-DFFC46E24634}"
EndProject
Project("{2150E333-8FDC-42A3-9474-1A3956D46DE8}") = "tests", "tests", "{0AB3BF05-4346-4AA6-1389-037BE0695223}"
EndProject
Project("{FAE04EC0-301F-11D3-BF4B-00C04F79EFBC}") = "Heimdall.UnitTests", "tests\Heimdall.UnitTests\Heimdall.UnitTests.csproj", "{F09CEACA-D63C-44A5-8237-28D722421540}"
EndProject
Project("{FAE04EC0-301F-11D3-BF4B-00C04F79EFBC}") = "Heimdall.IntegrationTests", "tests\Heimdall.IntegrationTests\Heimdall.IntegrationTests.csproj", "{C908FB23-2332-4B64-BD24-1F729437593F}"
EndProject
Global
	GlobalSection(SolutionConfigurationPlatforms) = preSolution
		Debug|Any CPU = Debug|Any CPU
		Debug|x64 = Debug|x64
		Debug|x86 = Debug|x86
		Release|Any CPU = Release|Any CPU
		Release|x64 = Release|x64
		Release|x86 = Release|x86
	EndGlobalSection
	GlobalSection(ProjectConfigurationPlatforms) = postSolution
		{1395CA03-F54E-4906-BCDF-E4A5E334508B}.Debug|Any CPU.ActiveCfg = Debug|Any CPU
		{1395CA03-F54E-4906-BCDF-E4A5E334508B}.Debug|Any CPU.Build.0 = Debug|Any CPU
		{1395CA03-F54E-4906-BCDF-E4A5E334508B}.Debug|x64.ActiveCfg = Debug|Any CPU
		{1395CA03-F54E-4906-BCDF-E4A5E334508B}.Debug|x64.Build.0 = Debug|Any CPU
		{1395CA03-F54E-4906-BCDF-E4A5E334508B}.Debug|x86.ActiveCfg = Debug|Any CPU
		{1395CA03-F54E-4906-BCDF-E4A5E334508B}.Debug|x86.Build.0 = Debug|Any CPU
		{1395CA03-F54E-4906-BCDF-E4A5E334508B}.Release|Any CPU.ActiveCfg = Release|Any CPU
		{1395CA03-F54E-4906-BCDF-E4A5E334508B}.Release|Any CPU.Build.0 = Release|Any CPU
		{1395CA03-F54E-4906-BCDF-E4A5E334508B}.Release|x64.ActiveCfg = Release|Any CPU
		{1395CA03-F54E-4906-BCDF-E4A5E334508B}.Release|x64.Build.0 = Release|Any CPU
		{1395CA03-F54E-4906-BCDF-E4A5E334508B}.Release|x86.ActiveCfg = Release|Any CPU
		{1395CA03-F54E-4906-BCDF-E4A5E334508B}.Release|x86.Build.0 = Release|Any CPU
		{B851DA13-9CAA-471C-A5EC-12B4200C1A1F}.Debug|Any CPU.ActiveCfg = Debug|Any CPU
		{B851DA13-9CAA-471C-A5EC-12B4200C1A1F}.Debug|Any CPU.Build.0 = Debug|Any CPU
		{B851DA13-9CAA-471C-A5EC-12B4200C1A1F}.Debug|x64.ActiveCfg = Debug|Any CPU
		{B851DA13-9CAA-471C-A5EC-12B4200C1A1F}.Debug|x64.Build.0 = Debug|Any CPU
		{B851DA13-9CAA-471C-A5EC-12B4200C1A1F}.Debug|x86.ActiveCfg = Debug|Any CPU
		{B851DA13-9CAA-471C-A5EC-12B4200C1A1F}.Debug|x86.Build.0 = Debug|Any CPU
		{B851DA13-9CAA-471C-A5EC-12B4200C1A1F}.Release|Any CPU.ActiveCfg = Release|Any CPU
		{B851DA13-9CAA-471C-A5EC-12B4200C1A1F}.Release|Any CPU.Build.0 = Release|Any CPU
		{B851DA13-9CAA-471C-A5EC-12B4200C1A1F}.Release|x64.ActiveCfg = Release|Any CPU
		{B851DA13-9CAA-471C-A5EC-12B4200C1A1F}.Release|x64.Build.0 = Release|Any CPU
		{B851DA13-9CAA-471C-A5EC-12B4200C1A1F}.Release|x86.ActiveCfg = Release|Any CPU
		{B851DA13-9CAA-471C-A5EC-12B4200C1A1F}.Release|x86.Build.0 = Release|Any CPU
		{C730FDF9-ADB3-450E-98BA-745DE90F03ED}.Debug|Any CPU.ActiveCfg = Debug|Any CPU
		{C730FDF9-ADB3-450E-98BA-745DE90F03ED}.Debug|Any CPU.Build.0 = Debug|Any CPU
		{C730FDF9-ADB3-450E-98BA-745DE90F03ED}.Debug|x64.ActiveCfg = Debug|Any CPU
		{C730FDF9-ADB3-450E-98BA-745DE90F03ED}.Debug|x64.Build.0 = Debug|Any CPU
		{C730FDF9-ADB3-450E-98BA-745DE90F03ED}.Debug|x86.ActiveCfg = Debug|Any CPU
		{C730FDF9-ADB3-450E-98BA-745DE90F03ED}.Debug|x86.Build.0 = Debug|Any CPU
		{C730FDF9-ADB3-450E-98BA-745DE90F03ED}.Release|Any CPU.ActiveCfg = Release|Any CPU
		{C730FDF9-ADB3-450E-98BA-745DE90F03ED}.Release|Any CPU.Build.0 = Release|Any CPU
		{C730FDF9-ADB3-450E-98BA-745DE90F03ED}.Release|x64.ActiveCfg = Release|Any CPU
		{C730FDF9-ADB3-450E-98BA-745DE90F03ED}.Release|x64.Build.0 = Release|Any CPU
		{C730FDF9-ADB3-450E-98BA-745DE90F03ED}.Release|x86.ActiveCfg = Release|Any CPU
		{C730FDF9-ADB3-450E-98BA-745DE90F03ED}.Release|x86.Build.0 = Release|Any CPU
		{33A68EC1-F5B8-4853-BA20-DFFC46E24634}.Debug|Any CPU.ActiveCfg = Debug|Any CPU
		{33A68EC1-F5B8-4853-BA20-DFFC46E24634}.Debug|Any CPU.Build.0 = Debug|Any CPU
		{33A68EC1-F5B8-4853-BA20-DFFC46E24634}.Debug|x64.ActiveCfg = Debug|Any CPU
		{33A68EC1-F5B8-4853-BA20-DFFC46E24634}.Debug|x64.Build.0 = Debug|Any CPU
		{33A68EC1-F5B8-4853-BA20-DFFC46E24634}.Debug|x86.ActiveCfg = Debug|Any CPU
		{33A68EC1-F5B8-4853-BA20-DFFC46E24634}.Debug|x86.Build.0 = Debug|Any CPU
		{33A68EC1-F5B8-4853-BA20-DFFC46E24634}.Release|Any CPU.ActiveCfg = Release|Any CPU
		{33A68EC1-F5B8-4853-BA20-DFFC46E24634}.Release|Any CPU.Build.0 = Release|Any CPU
		{33A68EC1-F5B8-4853-BA20-DFFC46E24634}.Release|x64.ActiveCfg = Release|Any CPU
		{33A68EC1-F5B8-4853-BA20-DFFC46E24634}.Release|x64.Build.0 = Release|Any CPU
		{33A68EC1-F5B8-4853-BA20-DFFC46E24634}.Release|x86.ActiveCfg = Release|Any CPU
		{33A68EC1-F5B8-4853-BA20-DFFC46E24634}.Release|x86.Build.0 = Release|Any CPU
		{F09CEACA-D63C-44A5-8237-28D722421540}.Debug|Any CPU.ActiveCfg = Debug|Any CPU
		{F09CEACA-D63C-44A5-8237-28D722421540}.Debug|Any CPU.Build.0 = Debug|Any CPU
		{F09CEACA-D63C-44A5-8237-28D722421540}.Debug|x64.ActiveCfg = Debug|Any CPU
		{F09CEACA-D63C-44A5-8237-28D722421540}.Debug|x64.Build.0 = Debug|Any CPU
		{F09CEACA-D63C-44A5-8237-28D722421540}.Debug|x86.ActiveCfg = Debug|Any CPU
		{F09CEACA-D63C-44A5-8237-28D722421540}.Debug|x86.Build.0 = Debug|Any CPU
		{F09CEACA-D63C-44A5-8237-28D722421540}.Release|Any CPU.ActiveCfg = Release|Any CPU
		{F09CEACA-D63C-44A5-8237-28D722421540}.Release|Any CPU.Build.0 = Release|Any CPU
		{F09CEACA-D63C-44A5-8237-28D722421540}.Release|x64.ActiveCfg = Release|Any CPU
		{F09CEACA-D63C-44A5-8237-28D722421540}.Release|x64.Build.0 = Release|Any CPU
		{F09CEACA-D63C-44A5-8237-28D722421540}.Release|x86.ActiveCfg = Release|Any CPU
		{F09CEACA-D63C-44A5-8237-28D722421540}.Release|x86.Build.0 = Release|Any CPU
		{C908FB23-2332-4B64-BD24-1F729437593F}.Debug|Any CPU.ActiveCfg = Debug|Any CPU
		{C908FB23-2332-4B64-BD24-1F729437593F}.Debug|Any CPU.Build.0 = Debug|Any CPU
		{C908FB23-2332-4B64-BD24-1F729437593F}.Debug|x64.ActiveCfg = Debug|Any CPU
		{C908FB23-2332-4B64-BD24-1F729437593F}.Debug|x64.Build.0 = Debug|Any CPU
		{C908FB23-2332-4B64-BD24-1F729437593F}.Debug|x86.ActiveCfg = Debug|Any CPU
		{C908FB23-2332-4B64-BD24-1F729437593F}.Debug|x86.Build.0 = Debug|Any CPU
		{C908FB23-2332-4B64-BD24-1F729437593F}.Release|Any CPU.ActiveCfg = Release|Any CPU
		{C908FB23-2332-4B64-BD24-1F729437593F}.Release|Any CPU.Build.0 = Release|Any CPU
		{C908FB23-2332-4B64-BD24-1F729437593F}.Release|x64.ActiveCfg = Release|Any CPU
		{C908FB23-2332-4B64-BD24-1F729437593F}.Release|x64.Build.0 = Release|Any CPU
		{C908FB23-2332-4B64-BD24-1F729437593F}.Release|x86.ActiveCfg = Release|Any CPU
		{C908FB23-2332-4B64-BD24-1F729437593F}.Release|x86.Build.0 = Release|Any CPU
	EndGlobalSection
	GlobalSection(SolutionProperties) = preSolution
		HideSolutionNode = FALSE
	EndGlobalSection
	GlobalSection(NestedProjects) = preSolution
		{1395CA03-F54E-4906-BCDF-E4A5E334508B} = {827E0CD3-B72D-47B6-A68D-7590B98EB39B}
		{B851DA13-9CAA-471C-A5EC-12B4200C1A1F} = {827E0CD3-B72D-47B6-A68D-7590B98EB39B}
		{C730FDF9-ADB3-450E-98BA-745DE90F03ED} = {827E0CD3-B72D-47B6-A68D-7590B98EB39B}
		{33A68EC1-F5B8-4853-BA20-DFFC46E24634} = {827E0CD3-B72D-47B6-A68D-7590B98EB39B}
		{F09CEACA-D63C-44A5-8237-28D722421540} = {0AB3BF05-4346-4AA6-1389-037BE0695223}
		{C908FB23-2332-4B64-BD24-1F729437593F} = {0AB3BF05-4346-4AA6-1389-037BE0695223}
	EndGlobalSection
EndGlobal
